
Microsoft Visual Studio Solution File, Format Version 12.00
# Visual Studio Version 17
VisualStudioVersion = 17.0.31903.59
MinimumVisualStudioVersion = 10.0.40219.1
Project("{2150E333-8FDC-42A3-9474-1A3956D46DE8}") = "src", "src", "{827E0CD3-B72D-47B6-A68D-7590B98EB39B}"
EndProject
Project("{FAE04EC0-301F-11D3-BF4B-00C04F79EFBC}") = "MailVault.Adapters.Libpff", "src\MailVault.Adapters.Libpff\MailVault.Adapters.Libpff.csproj", "{8B5316B7-7551-48B6-BB47-A40C2079BE75}"
EndProject
Project("{FAE04EC0-301F-11D3-BF4B-00C04F79EFBC}") = "MailVault.Adapters.XstReader", "src\MailVault.Adapters.XstReader\MailVault.Adapters.XstReader.csproj", "{A9124EDD-25A5-4EE0-AC6D-0153BB510089}"
EndProject
Project("{FAE04EC0-301F-11D3-BF4B-00C04F79EFBC}") = "MailVault.Audit", "src\MailVault.Audit\MailVault.Audit.csproj", "{CBD6510F-4F41-4324-9836-E2354CB7936F}"
EndProject
Project("{FAE04EC0-301F-11D3-BF4B-00C04F79EFBC}") = "MailVault.Cli", "src\MailVault.Cli\MailVault.Cli.csproj", "{78FF005A-67FC-4634-BC60-2F6EE1716A02}"
EndProject
Project("{FAE04EC0-301F-11D3-BF4B-00C04F79EFBC}") = "MailVault.Core", "src\MailVault.Core\MailVault.Core.csproj", "{FB2981BE-269A-401F-AE67-FE07B6E52EDD}"
EndProject
Project("{FAE04EC0-301F-11D3-BF4B-00C04F79EFBC}") = "MailVault.Desktop", "src\MailVault.Desktop\MailVault.Desktop.csproj", "{9C468490-FCAF-4191-AAA2-AB9AA05FED91}"
EndProject
Project("{FAE04EC0-301F-11D3-BF4B-00C04F79EFBC}") = "MailVault.Domain", "src\MailVault.Domain\MailVault.Domain.csproj", "{08735B61-9DE4-4A01-B87C-B48F82626E78}"
EndProject
Project("{FAE04EC0-301F-11D3-BF4B-00C04F79EFBC}") = "MailVault.Exporters.Eml", "src\MailVault.Exporters.Eml\MailVault.Exporters.Eml.csproj", "{C55D5286-059D-4D17-ABF0-F7EE8B925A3E}"
EndProject
Project("{FAE04EC0-301F-11D3-BF4B-00C04F79EFBC}") = "MailVault.Exporters.Mbox", "src\MailVault.Exporters.Mbox\MailVault.Exporters.Mbox.csproj", "{4A16B2D3-21A6-4427-9D1D-EFEDB5F86AC1}"
EndProject
Project("{2150E333-8FDC-42A3-9474-1A3956D46DE8}") = "tests", "tests", "{0AB3BF05-4346-4AA6-1389-037BE0695223}"
EndProject
Project("{FAE04EC0-301F-11D3-BF4B-00C04F79EFBC}") = "MailVault.Adapters.Tests", "tests\MailVault.Adapters.Tests\MailVault.Adapters.Tests.csproj", "{F97F4993-7F5C-41B2-BE4E-7EBB6711AB6A}"
EndProject
Project("{FAE04EC0-301F-11D3-BF4B-00C04F79EFBC}") = "MailVault.Audit.Tests", "tests\MailVault.Audit.Tests\MailVault.Audit.Tests.csproj", "{C91AE314-7896-4AF6-A60D-152471A1345A}"
EndProject
Project("{FAE04EC0-301F-11D3-BF4B-00C04F79EFBC}") = "MailVault.Core.Tests", "tests\MailVault.Core.Tests\MailVault.Core.Tests.csproj", "{174FAAF4-EACC-485F-94B0-F7A805BE0AEE}"
EndProject
Project("{FAE04EC0-301F-11D3-BF4B-00C04F79EFBC}") = "MailVault.Domain.Tests", "tests\MailVault.Domain.Tests\MailVault.Domain.Tests.csproj", "{1F81C316-75F7-4669-83A0-1ED9FC02F93F}"
EndProject
Project("{FAE04EC0-301F-11D3-BF4B-00C04F79EFBC}") = "MailVault.Exporters.Tests", "tests\MailVault.Exporters.Tests\MailVault.Exporters.Tests.csproj", "{F4F19854-7AF2-465B-9CA1-A2D1A46396C1}"
EndProject
Project("{FAE04EC0-301F-11D3-BF4B-00C04F79EFBC}") = "MailVault.Indexing", "src\MailVault.Indexing\MailVault.Indexing.csproj", "{2B32C060-2B8F-4B5F-9DC1-B4286413B307}"
EndProject
Project("{FAE04EC0-301F-11D3-BF4B-00C04F79EFBC}") = "MailVault.Indexing.Tests", "tests\MailVault.Indexing.Tests\MailVault.Indexing.Tests.csproj", "{7E739419-08A6-444D-A478-5F5A4EC70AA1}"
EndProject
Global
	GlobalSection(SolutionConfigurationPlatforms) = preSolution
		Debug|Any CPU = Debug|Any CPU
		Debug|x64 = Debug|x64
		Debug|x86 = Debug|x86
		Release|Any CPU = Release|Any CPU
		Release|x64 = Release|x64
		Release|x86 = Release|x86
	EndGlobalSection
	GlobalSection(ProjectConfigurationPlatforms) = postSolution
		{8B5316B7-7551-48B6-BB47-A40C2079BE75}.Debug|Any CPU.ActiveCfg = Debug|Any CPU
		{8B5316B7-7551-48B6-BB47-A40C2079BE75}.Debug|Any CPU.Build.0 = Debug|Any CPU
		{8B5316B7-7551-48B6-BB47-A40C2079BE75}.Debug|x64.ActiveCfg = Debug|Any CPU
		{8B5316B7-7551-48B6-BB47-A40C2079BE75}.Debug|x64.Build.0 = Debug|Any CPU
		{8B5316B7-7551-48B6-BB47-A40C2079BE75}.Debug|x86.ActiveCfg = Debug|Any CPU
		{8B5316B7-7551-48B6-BB47-A40C2079BE75}.Debug|x86.Build.0 = Debug|Any CPU
		{8B5316B7-7551-48B6-BB47-A40C2079BE75}.Release|Any CPU.ActiveCfg = Release|Any CPU
		{8B5316B7-7551-48B6-BB47-A40C2079BE75}.Release|Any CPU.Build.0 = Release|Any CPU
		{8B5316B7-7551-48B6-BB47-A40C2079BE75}.Release|x64.ActiveCfg = Release|Any CPU
		{8B5316B7-7551-48B6-BB47-A40C2079BE75}.Release|x64.Build.0 = Release|Any CPU
		{8B5316B7-7551-48B6-BB47-A40C2079BE75}.Release|x86.ActiveCfg = Release|Any CPU
		{8B5316B7-7551-48B6-BB47-A40C2079BE75}.Release|x86.Build.0 = Release|Any CPU
		{A9124EDD-25A5-4EE0-AC6D-0153BB510089}.Debug|Any CPU.ActiveCfg = Debug|Any CPU
		{A9124EDD-25A5-4EE0-AC6D-0153BB510089}.Debug|Any CPU.Build.0 = Debug|Any CPU
		{A9124EDD-25A5-4EE0-AC6D-0153BB510089}.Debug|x64.ActiveCfg = Debug|Any CPU
		{A9124EDD-25A5-4EE0-AC6D-0153BB510089}.Debug|x64.Build.0 = Debug|Any CPU
		{A9124EDD-25A5-4EE0-AC6D-0153BB510089}.Debug|x86.ActiveCfg = Debug|Any CPU
		{A9124EDD-25A5-4EE0-AC6D-0153BB510089}.Debug|x86.Build.0 = Debug|Any CPU
		{A9124EDD-25A5-4EE0-AC6D-0153BB510089}.Release|Any CPU.ActiveCfg = Release|Any CPU
		{A9124EDD-25A5-4EE0-AC6D-0153BB510089}.Release|Any CPU.Build.0 = Release|Any CPU
		{A9124EDD-25A5-4EE0-AC6D-0153BB510089}.Release|x64.ActiveCfg = Release|Any CPU
		{A9124EDD-25A5-4EE0-AC6D-0153BB510089}.Release|x64.Build.0 = Release|Any CPU
		{A9124EDD-25A5-4EE0-AC6D-0153BB510089}.Release|x86.ActiveCfg = Release|Any CPU
		{A9124EDD-25A5-4EE0-AC6D-0153BB510089}.Release|x86.Build.0 = Release|Any CPU
		{CBD6510F-4F41-4324-9836-E2354CB7936F}.Debug|Any CPU.ActiveCfg = Debug|Any CPU
		{CBD6510F-4F41-4324-9836-E2354CB7936F}.Debug|Any CPU.Build.0 = Debug|Any CPU
		{CBD6510F-4F41-4324-9836-E2354CB7936F}.Debug|x64.ActiveCfg = Debug|Any CPU
		{CBD6510F-4F41-4324-9836-E2354CB7936F}.Debug|x64.Build.0 = Debug|Any CPU
		{CBD6510F-4F41-4324-9836-E2354CB7936F}.Debug|x86.ActiveCfg = Debug|Any CPU
		{CBD6510F-4F41-4324-9836-E2354CB7936F}.Debug|x86.Build.0 = Debug|Any CPU
		{CBD6510F-4F41-4324-9836-E2354CB7936F}.Release|Any CPU.ActiveCfg = Release|Any CPU
		{CBD6510F-4F41-4324-9836-E2354CB7936F}.Release|Any CPU.Build.0 = Release|Any CPU
		{CBD6510F-4F41-4324-9836-E2354CB7936F}.Release|x64.ActiveCfg = Release|Any CPU
		{CBD6510F-4F41-4324-9836-E2354CB7936F}.Release|x64.Build.0 = Release|Any CPU
		{CBD6510F-4F41-4324-9836-E2354CB7936F}.Release|x86.ActiveCfg = Release|Any CPU
		{CBD6510F-4F41-4324-9836-E2354CB7936F}.Release|x86.Build.0 = Release|Any CPU
		{78FF005A-67FC-4634-BC60-2F6EE1716A02}.Debug|Any CPU.ActiveCfg = Debug|Any CPU
		{78FF005A-67FC-4634-BC60-2F6EE1716A02}.Debug|Any CPU.Build.0 = Debug|Any CPU
		{78FF005A-67FC-4634-BC60-2F6EE1716A02}.Debug|x64.ActiveCfg = Debug|Any CPU
		{78FF005A-67FC-4634-BC60-2F6EE1716A02}.Debug|x64.Build.0 = Debug|Any CPU
		{78FF005A-67FC-4634-BC60-2F6EE1716A02}.Debug|x86.ActiveCfg = Debug|Any CPU
		{78FF005A-67FC-4634-BC60-2F6EE1716A02}.Debug|x86.Build.0 = Debug|Any CPU
		{78FF005A-67FC-4634-BC60-2F6EE1716A02}.Release|Any CPU.ActiveCfg = Release|Any CPU
		{78FF005A-67FC-4634-BC60-2F6EE1716A02}.Release|Any CPU.Build.0 = Release|Any CPU
		{78FF005A-67FC-4634-BC60-2F6EE1716A02}.Release|x64.ActiveCfg = Release|Any CPU
		{78FF005A-67FC-4634-BC60-2F6EE1716A02}.Release|x64.Build.0 = Release|Any CPU
		{78FF005A-67FC-4634-BC60-2F6EE1716A02}.Release|x86.ActiveCfg = Release|Any CPU
		{78FF005A-67FC-4634-BC60-2F6EE1716A02}.Release|x86.Build.0 = Release|Any CPU
		{FB2981BE-269A-401F-AE67-FE07B6E52EDD}.Debug|Any CPU.ActiveCfg = Debug|Any CPU
		{FB2981BE-269A-401F-AE67-FE07B6E52EDD}.Debug|Any CPU.Build.0 = Debug|Any CPU
		{FB2981BE-269A-401F-AE67-FE07B6E52EDD}.Debug|x64.ActiveCfg = Debug|Any CPU
		{FB2981BE-269A-401F-AE67-FE07B6E52EDD}.Debug|x64.Build.0 = Debug|Any CPU
		{FB2981BE-269A-401F-AE67-FE07B6E52EDD}.Debug|x86.ActiveCfg = Debug|Any CPU
		{FB2981BE-269A-401F-AE67-FE07B6E52EDD}.Debug|x86.Build.0 = Debug|Any CPU
		{FB2981BE-269A-401F-AE67-FE07B6E52EDD}.Release|Any CPU.ActiveCfg = Release|Any CPU
		{FB2981BE-269A-401F-AE67-FE07B6E52EDD}.Release|Any CPU.Build.0 = Release|Any CPU
		{FB2981BE-269A-401F-AE67-FE07B6E52EDD}.Release|x64.ActiveCfg = Release|Any CPU
		{FB2981BE-269A-401F-AE67-FE07B6E52EDD}.Release|x64.Build.0 = Release|Any CPU
		{FB2981BE-269A-401F-AE67-FE07B6E52EDD}.Release|x86.ActiveCfg = Release|Any CPU
		{FB2981BE-269A-401F-AE67-FE07B6E52EDD}.Release|x86.Build.0 = Release|Any CPU
		{9C468490-FCAF-4191-AAA2-AB9AA05FED91}.Debug|Any CPU.ActiveCfg = Debug|Any CPU
		{9C468490-FCAF-4191-AAA2-AB9AA05FED91}.Debug|Any CPU.Build.0 = Debug|Any CPU
		{9C468490-FCAF-4191-AAA2-AB9AA05FED91}.Debug|x64.ActiveCfg = Debug|Any CPU
		{9C468490-FCAF-4191-AAA2-AB9AA05FED91}.Debug|x64.Build.0 = Debug|Any CPU
		{9C468490-FCAF-4191-AAA2-AB9AA05FED91}.Debug|x86.ActiveCfg = Debug|Any CPU
		{9C468490-FCAF-4191-AAA2-AB9AA05FED91}.Debug|x86.Build.0 = Debug|Any CPU
		{9C468490-FCAF-4191-AAA2-AB9AA05FED91}.Release|Any CPU.ActiveCfg = Release|Any CPU
		{9C468490-FCAF-4191-AAA2-AB9AA05FED91}.Release|Any CPU.Build.0 = Release|Any CPU
		{9C468490-FCAF-4191-AAA2-AB9AA05FED91}.Release|x64.ActiveCfg = Release|Any CPU
		{9C468490-FCAF-4191-AAA2-AB9AA05FED91}.Release|x64.Build.0 = Release|Any CPU
		{9C468490-FCAF-4191-AAA2-AB9AA05FED91}.Release|x86.ActiveCfg = Release|Any CPU
		{9C468490-FCAF-4191-AAA2-AB9AA05FED91}.Release|x86.Build.0 = Release|Any CPU
		{08735B61-9DE4-4A01-B87C-B48F82626E78}.Debug|Any CPU.ActiveCfg = Debug|Any CPU
		{08735B61-9DE4-4A01-B87C-B48F82626E78}.Debug|Any CPU.Build.0 = Debug|Any CPU
		{08735B61-9DE4-4A01-B87C-B48F82626E78}.Debug|x64.ActiveCfg = Debug|Any CPU
		{08735B61-9DE4-4A01-B87C-B48F82626E78}.Debug|x64.Build.0 = Debug|Any CPU
		{08735B61-9DE4-4A01-B87C-B48F82626E78}.Debug|x86.ActiveCfg = Debug|Any CPU
		{08735B61-9DE4-4A01-B87C-B48F82626E78}.Debug|x86.Build.0 = Debug|Any CPU
		{08735B61-9DE4-4A01-B87C-B48F82626E78}.Release|Any CPU.ActiveCfg = Release|Any CPU
		{08735B61-9DE4-4A01-B87C-B48F82626E78}.Release|Any CPU.Build.0 = Release|Any CPU
		{08735B61-9DE4-4A01-B87C-B48F82626E78}.Release|x64.ActiveCfg = Release|Any CPU
		{08735B61-9DE4-4A01-B87C-B48F82626E78}.Release|x64.Build.0 = Release|Any CPU
		{08735B61-9DE4-4A01-B87C-B48F82626E78}.Release|x86.ActiveCfg = Release|Any CPU
		{08735B61-9DE4-4A01-B87C-B48F82626E78}.Release|x86.Build.0 = Release|Any CPU
		{C55D5286-059D-4D17-ABF0-F7EE8B925A3E}.Debug|Any CPU.ActiveCfg = Debug|Any CPU
		{C55D5286-059D-4D17-ABF0-F7EE8B925A3E}.Debug|Any CPU.Build.0 = Debug|Any CPU
		{C55D5286-059D-4D17-ABF0-F7EE8B925A3E}.Debug|x64.ActiveCfg = Debug|Any CPU
		{C55D5286-059D-4D17-ABF0-F7EE8B925A3E}.Debug|x64.Build.0 = Debug|Any CPU
		{C55D5286-059D-4D17-ABF0-F7EE8B925A3E}.Debug|x86.ActiveCfg = Debug|Any CPU
		{C55D5286-059D-4D17-ABF0-F7EE8B925A3E}.Debug|x86.Build.0 = Debug|Any CPU
		{C55D5286-059D-4D17-ABF0-F7EE8B925A3E}.Release|Any CPU.ActiveCfg = Release|Any CPU
		{C55D5286-059D-4D17-ABF0-F7EE8B925A3E}.Release|Any CPU.Build.0 = Release|Any CPU
		{C55D5286-059D-4D17-ABF0-F7EE8B925A3E}.Release|x64.ActiveCfg = Release|Any CPU
		{C55D5286-059D-4D17-ABF0-F7EE8B925A3E}.Release|x64.Build.0 = Release|Any CPU
		{C55D5286-059D-4D17-ABF0-F7EE8B925A3E}.Release|x86.ActiveCfg = Release|Any CPU
		{C55D5286-059D-4D17-ABF0-F7EE8B925A3E}.Release|x86.Build.0 = Release|Any CPU
		{4A16B2D3-21A6-4427-9D1D-EFEDB5F86AC1}.Debug|Any CPU.ActiveCfg = Debug|Any CPU
		{4A16B2D3-21A6-4427-9D1D-EFEDB5F86AC1}.Debug|Any CPU.Build.0 = Debug|Any CPU
		{4A16B2D3-21A6-4427-9D1D-EFEDB5F86AC1}.Debug|x64.ActiveCfg = Debug|Any CPU
		{4A16B2D3-21A6-4427-9D1D-EFEDB5F86AC1}.Debug|x64.Build.0 = Debug|Any CPU
		{4A16B2D3-21A6-4427-9D1D-EFEDB5F86AC1}.Debug|x86.ActiveCfg = Debug|Any CPU
		{4A16B2D3-21A6-4427-9D1D-EFEDB5F86AC1}.Debug|x86.Build.0 = Debug|Any CPU
		{4A16B2D3-21A6-4427-9D1D-EFEDB5F86AC1}.Release|Any CPU.ActiveCfg = Release|Any CPU
		{4A16B2D3-21A6-4427-9D1D-EFEDB5F86AC1}.Release|Any CPU.Build.0 = Release|Any CPU
		{4A16B2D3-21A6-4427-9D1D-EFEDB5F86AC1}.Release|x64.ActiveCfg = Release|Any CPU
		{4A16B2D3-21A6-4427-9D1D-EFEDB5F86AC1}.Release|x64.Build.0 = Release|Any CPU
		{4A16B2D3-21A6-4427-9D1D-EFEDB5F86AC1}.Release|x86.ActiveCfg = Release|Any CPU
		{4A16B2D3-21A6-4427-9D1D-EFEDB5F86AC1}.Release|x86.Build.0 = Release|Any CPU
		{F97F4993-7F5C-41B2-BE4E-7EBB6711AB6A}.Debug|Any CPU.ActiveCfg = Debug|Any CPU
		{F97F4993-7F5C-41B2-BE4E-7EBB6711AB6A}.Debug|Any CPU.Build.0 = Debug|Any CPU
		{F97F4993-7F5C-41B2-BE4E-7EBB6711AB6A}.Debug|x64.ActiveCfg = Debug|Any CPU
		{F97F4993-7F5C-41B2-BE4E-7EBB6711AB6A}.Debug|x64.Build.0 = Debug|Any CPU
		{F97F4993-7F5C-41B2-BE4E-7EBB6711AB6A}.Debug|x86.ActiveCfg = Debug|Any CPU
		{F97F4993-7F5C-41B2-BE4E-7EBB6711AB6A}.Debug|x86.Build.0 = Debug|Any CPU
		{F97F4993-7F5C-41B2-BE4E-7EBB6711AB6A}.Release|Any CPU.ActiveCfg = Release|Any CPU
		{F97F4993-7F5C-41B2-BE4E-7EBB6711AB6A}.Release|Any CPU.Build.0 = Release|Any CPU
		{F97F4993-7F5C-41B2-BE4E-7EBB6711AB6A}.Release|x64.ActiveCfg = Release|Any CPU
		{F97F4993-7F5C-41B2-BE4E-7EBB6711AB6A}.Release|x64.Build.0 = Release|Any CPU
		{F97F4993-7F5C-41B2-BE4E-7EBB6711AB6A}.Release|x86.ActiveCfg = Release|Any CPU
		{F97F4993-7F5C-41B2-BE4E-7EBB6711AB6A}.Release|x86.Build.0 = Release|Any CPU
		{C91AE314-7896-4AF6-A60D-152471A1345A}.Debug|Any CPU.ActiveCfg = Debug|Any CPU
		{C91AE314-7896-4AF6-A60D-152471A1345A}.Debug|Any CPU.Build.0 = Debug|Any CPU
		{C91AE314-7896-4AF6-A60D-152471A1345A}.Debug|x64.ActiveCfg = Debug|Any CPU
		{C91AE314-7896-4AF6-A60D-152471A1345A}.Debug|x64.Build.0 = Debug|Any CPU
		{C91AE314-7896-4AF6-A60D-152471A1345A}.Debug|x86.ActiveCfg = Debug|Any CPU
		{C91AE314-7896-4AF6-A60D-152471A1345A}.Debug|x86.Build.0 = Debug|Any CPU
		{C91AE314-7896-4AF6-A60D-152471A1345A}.Release|Any CPU.ActiveCfg = Release|Any CPU
		{C91AE314-7896-4AF6-A60D-152471A1345A}.Release|Any CPU.Build.0 = Release|Any CPU
		{C91AE314-7896-4AF6-A60D-152471A1345A}.Release|x64.ActiveCfg = Release|Any CPU
		{C91AE314-7896-4AF6-A60D-152471A1345A}.Release|x64.Build.0 = Release|Any CPU
		{C91AE314-7896-4AF6-A60D-152471A1345A}.Release|x86.ActiveCfg = Release|Any CPU
		{C91AE314-7896-4AF6-A60D-152471A1345A}.Release|x86.Build.0 = Release|Any CPU
		{174FAAF4-EACC-485F-94B0-F7A805BE0AEE}.Debug|Any CPU.ActiveCfg = Debug|Any CPU
		{174FAAF4-EACC-485F-94B0-F7A805BE0AEE}.Debug|Any CPU.Build.0 = Debug|Any CPU
		{174FAAF4-EACC-485F-94B0-F7A805BE0AEE}.Debug|x64.ActiveCfg = Debug|Any CPU
		{174FAAF4-EACC-485F-94B0-F7A805BE0AEE}.Debug|x64.Build.0 = Debug|Any CPU
		{174FAAF4-EACC-485F-94B0-F7A805BE0AEE}.Debug|x86.ActiveCfg = Debug|Any CPU
		{174FAAF4-EACC-485F-94B0-F7A805BE0AEE}.Debug|x86.Build.0 = Debug|Any CPU
		{174FAAF4-EACC-485F-94B0-F7A805BE0AEE}.Release|Any CPU.ActiveCfg = Release|Any CPU
		{174FAAF4-EACC-485F-94B0-F7A805BE0AEE}.Release|Any CPU.Build.0 = Release|Any CPU
		{174FAAF4-EACC-485F-94B0-F7A805BE0AEE}.Release|x64.ActiveCfg = Release|Any CPU
		{174FAAF4-EACC-485F-94B0-F7A805BE0AEE}.Release|x64.Build.0 = Release|Any CPU
		{174FAAF4-EACC-485F-94B0-F7A805BE0AEE}.Release|x86.ActiveCfg = Release|Any CPU
		{174FAAF4-EACC-485F-94B0-F7A805BE0AEE}.Release|x86.Build.0 = Release|Any CPU
		{1F81C316-75F7-4669-83A0-1ED9FC02F93F}.Debug|Any CPU.ActiveCfg = Debug|Any CPU
		{1F81C316-75F7-4669-83A0-1ED9FC02F93F}.Debug|Any CPU.Build.0 = Debug|Any CPU
		{1F81C316-75F7-4669-83A0-1ED9FC02F93F}.Debug|x64.ActiveCfg = Debug|Any CPU
		{1F81C316-75F7-4669-83A0-1ED9FC02F93F}.Debug|x64.Build.0 = Debug|Any CPU
		{1F81C316-75F7-4669-83A0-1ED9FC02F93F}.Debug|x86.ActiveCfg = Debug|Any CPU
		{1F81C316-75F7-4669-83A0-1ED9FC02F93F}.Debug|x86.Build.0 = Debug|Any CPU
		{1F81C316-75F7-4669-83A0-1ED9FC02F93F}.Release|Any CPU.ActiveCfg = Release|Any CPU
		{1F81C316-75F7-4669-83A0-1ED9FC02F93F}.Release|Any CPU.Build.0 = Release|Any CPU
		{1F81C316-75F7-4669-83A0-1ED9FC02F93F}.Release|x64.ActiveCfg = Release|Any CPU
		{1F81C316-75F7-4669-83A0-1ED9FC02F93F}.Release|x64.Build.0 = Release|Any CPU
		{1F81C316-75F7-4669-83A0-1ED9FC02F93F}.Release|x86.ActiveCfg = Release|Any CPU
		{1F81C316-75F7-4669-83A0-1ED9FC02F93F}.Release|x86.Build.0 = Release|Any CPU
		{F4F19854-7AF2-465B-9CA1-A2D1A46396C1}.Debug|Any CPU.ActiveCfg = Debug|Any CPU
		{F4F19854-7AF2-465B-9CA1-A2D1A46396C1}.Debug|Any CPU.Build.0 = Debug|Any CPU
		{F4F19854-7AF2-465B-9CA1-A2D1A46396C1}.Debug|x64.ActiveCfg = Debug|Any CPU
		{F4F19854-7AF2-465B-9CA1-A2D1A46396C1}.Debug|x64.Build.0 = Debug|Any CPU
		{F4F19854-7AF2-465B-9CA1-A2D1A46396C1}.Debug|x86.ActiveCfg = Debug|Any CPU
		{F4F19854-7AF2-465B-9CA1-A2D1A46396C1}.Debug|x86.Build.0 = Debug|Any CPU
		{F4F19854-7AF2-465B-9CA1-A2D1A46396C1}.Release|Any CPU.ActiveCfg = Release|Any CPU
		{F4F19854-7AF2-465B-9CA1-A2D1A46396C1}.Release|Any CPU.Build.0 = Release|Any CPU
		{F4F19854-7AF2-465B-9CA1-A2D1A46396C1}.Release|x64.ActiveCfg = Release|Any CPU
		{F4F19854-7AF2-465B-9CA1-A2D1A46396C1}.Release|x64.Build.0 = Release|Any CPU
		{F4F19854-7AF2-465B-9CA1-A2D1A46396C1}.Release|x86.ActiveCfg = Release|Any CPU
		{F4F19854-7AF2-465B-9CA1-A2D1A46396C1}.Release|x86.Build.0 = Release|Any CPU
		{2B32C060-2B8F-4B5F-9DC1-B4286413B307}.Debug|Any CPU.ActiveCfg = Debug|Any CPU
		{2B32C060-2B8F-4B5F-9DC1-B4286413B307}.Debug|Any CPU.Build.0 = Debug|Any CPU
		{2B32C060-2B8F-4B5F-9DC1-B4286413B307}.Debug|x64.ActiveCfg = Debug|Any CPU
		{2B32C060-2B8F-4B5F-9DC1-B4286413B307}.Debug|x64.Build.0 = Debug|Any CPU
		{2B32C060-2B8F-4B5F-9DC1-B4286413B307}.Debug|x86.ActiveCfg = Debug|Any CPU
		{2B32C060-2B8F-4B5F-9DC1-B4286413B307}.Debug|x86.Build.0 = Debug|Any CPU
		{2B32C060-2B8F-4B5F-9DC1-B4286413B307}.Release|Any CPU.ActiveCfg = Release|Any CPU
		{2B32C060-2B8F-4B5F-9DC1-B4286413B307}.Release|Any CPU.Build.0 = Release|Any CPU
		{2B32C060-2B8F-4B5F-9DC1-B4286413B307}.Release|x64.ActiveCfg = Release|Any CPU
		{2B32C060-2B8F-4B5F-9DC1-B4286413B307}.Release|x64.Build.0 = Release|Any CPU
		{2B32C060-2B8F-4B5F-9DC1-B4286413B307}.Release|x86.ActiveCfg = Release|Any CPU
		{2B32C060-2B8F-4B5F-9DC1-B4286413B307}.Release|x86.Build.0 = Release|Any CPU
		{7E739419-08A6-444D-A478-5F5A4EC70AA1}.Debug|Any CPU.ActiveCfg = Debug|Any CPU
		{7E739419-08A6-444D-A478-5F5A4EC70AA1}.Debug|Any CPU.Build.0 = Debug|Any CPU
		{7E739419-08A6-444D-A478-5F5A4EC70AA1}.Debug|x64.ActiveCfg = Debug|Any CPU
		{7E739419-08A6-444D-A478-5F5A4EC70AA1}.Debug|x64.Build.0 = Debug|Any CPU
		{7E739419-08A6-444D-A478-5F5A4EC70AA1}.Debug|x86.ActiveCfg = Debug|Any CPU
		{7E739419-08A6-444D-A478-5F5A4EC70AA1}.Debug|x86.Build.0 = Debug|Any CPU
		{7E739419-08A6-444D-A478-5F5A4EC70AA1}.Release|Any CPU.ActiveCfg = Release|Any CPU
		{7E739419-08A6-444D-A478-5F5A4EC70AA1}.Release|Any CPU.Build.0 = Release|Any CPU
		{7E739419-08A6-444D-A478-5F5A4EC70AA1}.Release|x64.ActiveCfg = Release|Any CPU
		{7E739419-08A6-444D-A478-5F5A4EC70AA1}.Release|x64.Build.0 = Release|Any CPU
		{7E739419-08A6-444D-A478-5F5A4EC70AA1}.Release|x86.ActiveCfg = Release|Any CPU
		{7E739419-08A6-444D-A478-5F5A4EC70AA1}.Release|x86.Build.0 = Release|Any CPU
	EndGlobalSection
	GlobalSection(SolutionProperties) = preSolution
		HideSolutionNode = FALSE
	EndGlobalSection
	GlobalSection(NestedProjects) = preSolution
		{8B5316B7-7551-48B6-BB47-A40C2079BE75} = {827E0CD3-B72D-47B6-A68D-7590B98EB39B}
		{A9124EDD-25A5-4EE0-AC6D-0153BB510089} = {827E0CD3-B72D-47B6-A68D-7590B98EB39B}
		{CBD6510F-4F41-4324-9836-E2354CB7936F} = {827E0CD3-B72D-47B6-A68D-7590B98EB39B}
		{78FF005A-67FC-4634-BC60-2F6EE1716A02} = {827E0CD3-B72D-47B6-A68D-7590B98EB39B}
		{FB2981BE-269A-401F-AE67-FE07B6E52EDD} = {827E0CD3-B72D-47B6-A68D-7590B98EB39B}
		{9C468490-FCAF-4191-AAA2-AB9AA05FED91} = {827E0CD3-B72D-47B6-A68D-7590B98EB39B}
		{08735B61-9DE4-4A01-B87C-B48F82626E78} = {827E0CD3-B72D-47B6-A68D-7590B98EB39B}
		{C55D5286-059D-4D17-ABF0-F7EE8B925A3E} = {827E0CD3-B72D-47B6-A68D-7590B98EB39B}
		{4A16B2D3-21A6-4427-9D1D-EFEDB5F86AC1} = {827E0CD3-B72D-47B6-A68D-7590B98EB39B}
		{F97F4993-7F5C-41B2-BE4E-7EBB6711AB6A} = {0AB3BF05-4346-4AA6-1389-037BE0695223}
		{C91AE314-7896-4AF6-A60D-152471A1345A} = {0AB3BF05-4346-4AA6-1389-037BE0695223}
		{174FAAF4-EACC-485F-94B0-F7A805BE0AEE} = {0AB3BF05-4346-4AA6-1389-037BE0695223}
		{1F81C316-75F7-4669-83A0-1ED9FC02F93F} = {0AB3BF05-4346-4AA6-1389-037BE0695223}
		{F4F19854-7AF2-465B-9CA1-A2D1A46396C1} = {0AB3BF05-4346-4AA6-1389-037BE0695223}
		{2B32C060-2B8F-4B5F-9DC1-B4286413B307} = {827E0CD3-B72D-47B6-A68D-7590B98EB39B}
		{7E739419-08A6-444D-A478-5F5A4EC70AA1} = {0AB3BF05-4346-4AA6-1389-037BE0695223}
	EndGlobalSection
EndGlobal
